
Microsoft Visual Studio Solution File, Format Version 12.00
# Visual Studio Version 16
VisualStudioVersion = 16.0.32901.82
MinimumVisualStudioVersion = 10.0.40219.1
Project("{9A19103F-16F7-4668-BE54-9A1E7A4F7556}") = "WpfApp_MVVM", "WpfApp_MVVM\WpfApp_MVVM.csproj", "{B131F098-3F93-41B1-AF19-3BECB844ACA7}"
EndProject
Project("{9A19103F-16F7-4668-BE54-9A1E7A4F7556}") = "WpfApp_MVVM2", "WpfApp_MVVM2\WpfApp_MVVM2.csproj", "{241A09A7-3136-40B2-82C0-2CB90AF1F05E}"
EndProject
Project("{9A19103F-16F7-4668-BE54-9A1E7A4F7556}") = "WpfApp_MVVM3", "WpfApp_MVVM3\WpfApp_MVVM3.csproj", "{1FB70871-B92E-4BBC-BAFA-A8FC2EED2645}"
EndProject
Project("{FAE04EC0-301F-11D3-BF4B-00C04F79EFBC}") = "WpfApp_MVVM4", "WpfApp_MVVM4\WpfApp_MVVM4.csproj", "{9609C855-1317-48DA-B2F2-0736B0D8A113}"
EndProject
Project("{FAE04EC0-301F-11D3-BF4B-00C04F79EFBC}") = "MVVMTools", "MVVMTools\MVVMTools.csproj", "{4270B8A4-5263-4A93-A778-952F1F336188}"
EndProject
Global
	GlobalSection(SolutionConfigurationPlatforms) = preSolution
		Debug|Any CPU = Debug|Any CPU
		Release|Any CPU = Release|Any CPU
	EndGlobalSection
	GlobalSection(ProjectConfigurationPlatforms) = postSolution
		{B131F098-3F93-41B1-AF19-3BECB844ACA7}.Debug|Any CPU.ActiveCfg = Debug|Any CPU
		{B131F098-3F93-41B1-AF19-3BECB844ACA7}.Debug|Any CPU.Build.0 = Debug|Any CPU
		{B131F098-3F93-41B1-AF19-3BECB844ACA7}.Release|Any CPU.ActiveCfg = Release|Any CPU
		{B131F098-3F93-41B1-AF19-3BECB844ACA7}.Release|Any CPU.Build.0 = Release|Any CPU
		{241A09A7-3136-40B2-82C0-2CB90AF1F05E}.Debug|Any CPU.ActiveCfg = Debug|Any CPU
		{241A09A7-3136-40B2-82C0-2CB90AF1F05E}.Debug|Any CPU.Build.0 = Debug|Any CPU
		{241A09A7-3136-40B2-82C0-2CB90AF1F05E}.Release|Any CPU.ActiveCfg = Release|Any CPU
		{241A09A7-3136-40B2-82C0-2CB90AF1F05E}.Release|Any CPU.Build.0 = Release|Any CPU
		{1FB70871-B92E-4BBC-BAFA-A8FC2EED2645}.Debug|Any CPU.ActiveCfg = Debug|Any CPU
		{1FB70871-B92E-4BBC-BAFA-A8FC2EED2645}.Debug|Any CPU.Build.0 = Debug|Any CPU
		{1FB70871-B92E-4BBC-BAFA-A8FC2EED2645}.Release|Any CPU.ActiveCfg = Release|Any CPU
		{1FB70871-B92E-4BBC-BAFA-A8FC2EED2645}.Release|Any CPU.Build.0 = Release|Any CPU
		{9609C855-1317-48DA-B2F2-0736B0D8A113}.Debug|Any CPU.ActiveCfg = Debug|Any CPU
		{9609C855-1317-48DA-B2F2-0736B0D8A113}.Debug|Any CPU.Build.0 = Debug|Any CPU
		{9609C855-1317-48DA-B2F2-0736B0D8A113}.Release|Any CPU.ActiveCfg = Release|Any CPU
		{9609C855-1317-48DA-B2F2-0736B0D8A113}.Release|Any CPU.Build.0 = Release|Any CPU
		{4270B8A4-5263-4A93-A778-952F1F336188}.Debug|Any CPU.ActiveCfg = Debug|Any CPU
		{4270B8A4-5263-4A93-A778-952F1F336188}.Debug|Any CPU.Build.0 = Debug|Any CPU
		{4270B8A4-5263-4A93-A778-952F1F336188}.Release|Any CPU.ActiveCfg = Release|Any CPU
		{4270B8A4-5263-4A93-A778-952F1F336188}.Release|Any CPU.Build.0 = Release|Any CPU
	EndGlobalSection
	GlobalSection(SolutionProperties) = preSolution
		HideSolutionNode = FALSE
	EndGlobalSection
	GlobalSection(ExtensibilityGlobals) = postSolution
		SolutionGuid = {2EC021A3-6545-4343-9931-8A84D6B4A2C8}
	EndGlobalSection
EndGlobal
